
Microsoft Visual Studio Solution File, Format Version 12.00
# Visual Studio Version 17
VisualStudioVersion = 17.1.32210.238
MinimumVisualStudioVersion = 10.0.40219.1
Project("{9A19103F-16F7-4668-BE54-9A1E7A4F7556}") = "DoctorAppointmentApi", "DoctorAppoinmentApi\DoctorAppointmentApi.csproj", "{C1890C72-0B30-4956-9A1F-DE79F3D45366}"
EndProject
Project("{9A19103F-16F7-4668-BE54-9A1E7A4F7556}") = "DoctorAppointmentDataLayer", "DoctorAppoinmentDataLayer\DoctorAppointmentDataLayer.csproj", "{6C221451-1F8B-4810-AEFF-B5167E3825C1}"
EndProject
Project("{FAE04EC0-301F-11D3-BF4B-00C04F79EFBC}") = "DoctoAppointmentTest", "DoctoAppointmentTest\DoctoAppointmentTest.csproj", "{FAC84EDF-F4A4-496F-9234-0373DEA78F38}"
EndProject
Global
	GlobalSection(SolutionConfigurationPlatforms) = preSolution
		Debug|Any CPU = Debug|Any CPU
		Release|Any CPU = Release|Any CPU
	EndGlobalSection
	GlobalSection(ProjectConfigurationPlatforms) = postSolution
		{C1890C72-0B30-4956-9A1F-DE79F3D45366}.Debug|Any CPU.ActiveCfg = Debug|Any CPU
		{C1890C72-0B30-4956-9A1F-DE79F3D45366}.Debug|Any CPU.Build.0 = Debug|Any CPU
		{C1890C72-0B30-4956-9A1F-DE79F3D45366}.Release|Any CPU.ActiveCfg = Release|Any CPU
		{C1890C72-0B30-4956-9A1F-DE79F3D45366}.Release|Any CPU.Build.0 = Release|Any CPU
		{6C221451-1F8B-4810-AEFF-B5167E3825C1}.Debug|Any CPU.ActiveCfg = Debug|Any CPU
		{6C221451-1F8B-4810-AEFF-B5167E3825C1}.Debug|Any CPU.Build.0 = Debug|Any CPU
		{6C221451-1F8B-4810-AEFF-B5167E3825C1}.Release|Any CPU.ActiveCfg = Release|Any CPU
		{6C221451-1F8B-4810-AEFF-B5167E3825C1}.Release|Any CPU.Build.0 = Release|Any CPU
		{FAC84EDF-F4A4-496F-9234-0373DEA78F38}.Debug|Any CPU.ActiveCfg = Debug|Any CPU
		{FAC84EDF-F4A4-496F-9234-0373DEA78F38}.Debug|Any CPU.Build.0 = Debug|Any CPU
		{FAC84EDF-F4A4-496F-9234-0373DEA78F38}.Release|Any CPU.ActiveCfg = Release|Any CPU
		{FAC84EDF-F4A4-496F-9234-0373DEA78F38}.Release|Any CPU.Build.0 = Release|Any CPU
	EndGlobalSection
	GlobalSection(SolutionProperties) = preSolution
		HideSolutionNode = FALSE
	EndGlobalSection
	GlobalSection(ExtensibilityGlobals) = postSolution
		SolutionGuid = {CB0FFCC5-6FED-440A-A47B-AEC4DBEF2817}
	EndGlobalSection
EndGlobal
